
Microsoft Visual Studio Solution File, Format Version 12.00
# Visual Studio 14
VisualStudioVersion = 14.0.25420.1
MinimumVisualStudioVersion = 10.0.40219.1
Project("{2150E333-8FDC-42A3-9474-1A3956D46DE8}") = "src", "src", "{E5FAC1EF-5BF2-4FC0-91DC-ED23DCCDD644}"
EndProject
Project("{2150E333-8FDC-42A3-9474-1A3956D46DE8}") = "Solution Items", "Solution Items", "{757D2BEF-638E-4AE6-AD0B-3DAFAB42DBCC}"
	ProjectSection(SolutionItems) = preProject
		global.json = global.json
	EndProjectSection
EndProject
Project("{8BB2217D-0F2D-49D1-97BC-3654ED321F3B}") = "ToDoList", "src\ToDoList\ToDoList.xproj", "{C28E9719-AEE6-4D87-8E0A-5869948FB2D4}"
EndProject
Global
	GlobalSection(SolutionConfigurationPlatforms) = preSolution
		Debug|Any CPU = Debug|Any CPU
		Release|Any CPU = Release|Any CPU
	EndGlobalSection
	GlobalSection(ProjectConfigurationPlatforms) = postSolution
		{C28E9719-AEE6-4D87-8E0A-5869948FB2D4}.Debug|Any CPU.ActiveCfg = Debug|Any CPU
		{C28E9719-AEE6-4D87-8E0A-5869948FB2D4}.Debug|Any CPU.Build.0 = Debug|Any CPU
		{C28E9719-AEE6-4D87-8E0A-5869948FB2D4}.Release|Any CPU.ActiveCfg = Release|Any CPU
		{C28E9719-AEE6-4D87-8E0A-5869948FB2D4}.Release|Any CPU.Build.0 = Release|Any CPU
	EndGlobalSection
	GlobalSection(SolutionProperties) = preSolution
		HideSolutionNode = FALSE
	EndGlobalSection
	GlobalSection(NestedProjects) = preSolution
		{C28E9719-AEE6-4D87-8E0A-5869948FB2D4} = {E5FAC1EF-5BF2-4FC0-91DC-ED23DCCDD644}
	EndGlobalSection
EndGlobal
